// !$*UTF8*$!
{
	archiveVersion = 1;
	classes = {
	};
	objectVersion = 55;
	objects = {

/* Begin PBXBuildFile section */
		518F3CA128E65B4B0046F8EB /* SlideshowView.swift in Sources */ = {isa = PBXBuildFile; fileRef = 518F3CA028E65B4B0046F8EB /* SlideshowView.swift */; };
		5E78FCAC28F8CF150097DD3B /* CreateListingView.swift in Sources */ = {isa = PBXBuildFile; fileRef = 5E78FCAB28F8CF150097DD3B /* CreateListingView.swift */; };
		5E78FCAF290B48FC0097DD3B /* MapModel.swift in Sources */ = {isa = PBXBuildFile; fileRef = 5E78FCAE290B48FC0097DD3B /* MapModel.swift */; };
		5E78FCB12911D9DE0097DD3B /* LocationView.swift in Sources */ = {isa = PBXBuildFile; fileRef = 5E78FCB02911D9DE0097DD3B /* LocationView.swift */; };
		5E95528C291B20BC002E36AE /* FirebaseAppDistribution-Beta in Frameworks */ = {isa = PBXBuildFile; productRef = 5E95528B291B20BC002E36AE /* FirebaseAppDistribution-Beta */; };
		5E95528E291B20BC002E36AE /* FirebaseAuth in Frameworks */ = {isa = PBXBuildFile; productRef = 5E95528D291B20BC002E36AE /* FirebaseAuth */; };
		5E955290291B20BC002E36AE /* FirebaseAuthCombine-Community in Frameworks */ = {isa = PBXBuildFile; productRef = 5E95528F291B20BC002E36AE /* FirebaseAuthCombine-Community */; };
		5E955294291B225E002E36AE /* AuthenticationView.swift in Sources */ = {isa = PBXBuildFile; fileRef = 5E955293291B225E002E36AE /* AuthenticationView.swift */; };
		5EBCAFA62908A4BD00EFEE1D /* Listing.swift in Sources */ = {isa = PBXBuildFile; fileRef = 5EBCAFA52908A4BD00EFEE1D /* Listing.swift */; };
		5EBCAFA82908A4E300EFEE1D /* ListingView.swift in Sources */ = {isa = PBXBuildFile; fileRef = 5EBCAFA72908A4E300EFEE1D /* ListingView.swift */; };
		BB462DAA290B183C003B6597 /* FirebaseAnalytics in Frameworks */ = {isa = PBXBuildFile; productRef = BB462DA9290B183C003B6597 /* FirebaseAnalytics */; };
		BB462DAC290B183C003B6597 /* FirebaseAuth in Frameworks */ = {isa = PBXBuildFile; productRef = BB462DAB290B183C003B6597 /* FirebaseAuth */; };
		BB462DAE290B183C003B6597 /* FirebaseDatabase in Frameworks */ = {isa = PBXBuildFile; productRef = BB462DAD290B183C003B6597 /* FirebaseDatabase */; };
		BB462DB0290B183C003B6597 /* FirebaseDatabaseSwift in Frameworks */ = {isa = PBXBuildFile; productRef = BB462DAF290B183C003B6597 /* FirebaseDatabaseSwift */; };
		BB462DB2290B1984003B6597 /* GoogleService-Info.plist in Resources */ = {isa = PBXBuildFile; fileRef = BB462DB1290B1984003B6597 /* GoogleService-Info.plist */; };
		BB462DB4290B1A6C003B6597 /* Model.swift in Sources */ = {isa = PBXBuildFile; fileRef = BB462DB3290B1A6C003B6597 /* Model.swift */; };
		BE17A9AD28E3A4B9005689E8 /* GT_MarketplaceApp.swift in Sources */ = {isa = PBXBuildFile; fileRef = BE17A9AC28E3A4B9005689E8 /* GT_MarketplaceApp.swift */; };
		BE17A9AF28E3A4B9005689E8 /* ContentView.swift in Sources */ = {isa = PBXBuildFile; fileRef = BE17A9AE28E3A4B9005689E8 /* ContentView.swift */; };
		BE17A9B128E3A4BC005689E8 /* Assets.xcassets in Resources */ = {isa = PBXBuildFile; fileRef = BE17A9B028E3A4BC005689E8 /* Assets.xcassets */; };
		BE17A9B428E3A4BC005689E8 /* Preview Assets.xcassets in Resources */ = {isa = PBXBuildFile; fileRef = BE17A9B328E3A4BC005689E8 /* Preview Assets.xcassets */; };
/* End PBXBuildFile section */

/* Begin PBXFileReference section */
		518F3CA028E65B4B0046F8EB /* SlideshowView.swift */ = {isa = PBXFileReference; lastKnownFileType = sourcecode.swift; path = SlideshowView.swift; sourceTree = "<group>"; };
		5E78FCAB28F8CF150097DD3B /* CreateListingView.swift */ = {isa = PBXFileReference; lastKnownFileType = sourcecode.swift; path = CreateListingView.swift; sourceTree = "<group>"; };
		5E78FCAD290B487F0097DD3B /* GT-Marketplace-Info.plist */ = {isa = PBXFileReference; lastKnownFileType = text.plist; path = "GT-Marketplace-Info.plist"; sourceTree = SOURCE_ROOT; };
		5E78FCAE290B48FC0097DD3B /* MapModel.swift */ = {isa = PBXFileReference; lastKnownFileType = sourcecode.swift; path = MapModel.swift; sourceTree = "<group>"; };
		5E78FCB02911D9DE0097DD3B /* LocationView.swift */ = {isa = PBXFileReference; lastKnownFileType = sourcecode.swift; path = LocationView.swift; sourceTree = "<group>"; };
		5E955293291B225E002E36AE /* AuthenticationView.swift */ = {isa = PBXFileReference; lastKnownFileType = sourcecode.swift; path = AuthenticationView.swift; sourceTree = "<group>"; };
		5EBCAFA52908A4BD00EFEE1D /* Listing.swift */ = {isa = PBXFileReference; lastKnownFileType = sourcecode.swift; path = Listing.swift; sourceTree = "<group>"; };
		5EBCAFA72908A4E300EFEE1D /* ListingView.swift */ = {isa = PBXFileReference; lastKnownFileType = sourcecode.swift; path = ListingView.swift; sourceTree = "<group>"; };
		BB462DB1290B1984003B6597 /* GoogleService-Info.plist */ = {isa = PBXFileReference; fileEncoding = 4; lastKnownFileType = text.plist.xml; path = "GoogleService-Info.plist"; sourceTree = "<group>"; };
		BB462DB3290B1A6C003B6597 /* Model.swift */ = {isa = PBXFileReference; lastKnownFileType = sourcecode.swift; path = Model.swift; sourceTree = "<group>"; };
		BE17A9A928E3A4B9005689E8 /* GT Marketplace.app */ = {isa = PBXFileReference; explicitFileType = wrapper.application; includeInIndex = 0; path = "GT Marketplace.app"; sourceTree = BUILT_PRODUCTS_DIR; };
		BE17A9AC28E3A4B9005689E8 /* GT_MarketplaceApp.swift */ = {isa = PBXFileReference; lastKnownFileType = sourcecode.swift; path = GT_MarketplaceApp.swift; sourceTree = "<group>"; };
		BE17A9AE28E3A4B9005689E8 /* ContentView.swift */ = {isa = PBXFileReference; lastKnownFileType = sourcecode.swift; path = ContentView.swift; sourceTree = "<group>"; };
		BE17A9B028E3A4BC005689E8 /* Assets.xcassets */ = {isa = PBXFileReference; lastKnownFileType = folder.assetcatalog; path = Assets.xcassets; sourceTree = "<group>"; };
		BE17A9B328E3A4BC005689E8 /* Preview Assets.xcassets */ = {isa = PBXFileReference; lastKnownFileType = folder.assetcatalog; path = "Preview Assets.xcassets"; sourceTree = "<group>"; };
/* End PBXFileReference section */

/* Begin PBXFrameworksBuildPhase section */
		BE17A9A628E3A4B9005689E8 /* Frameworks */ = {
			isa = PBXFrameworksBuildPhase;
			buildActionMask = 2147483647;
			files = (
				BB462DB0290B183C003B6597 /* FirebaseDatabaseSwift in Frameworks */,
				5E95528E291B20BC002E36AE /* FirebaseAuth in Frameworks */,
				BB462DAE290B183C003B6597 /* FirebaseDatabase in Frameworks */,
				5E95528C291B20BC002E36AE /* FirebaseAppDistribution-Beta in Frameworks */,
				BB462DAA290B183C003B6597 /* FirebaseAnalytics in Frameworks */,
				5E955290291B20BC002E36AE /* FirebaseAuthCombine-Community in Frameworks */,
				BB462DAC290B183C003B6597 /* FirebaseAuth in Frameworks */,
			);
			runOnlyForDeploymentPostprocessing = 0;
		};
/* End PBXFrameworksBuildPhase section */

/* Begin PBXGroup section */
		BE17A9A028E3A4B9005689E8 = {
			isa = PBXGroup;
			children = (
				BE17A9AB28E3A4B9005689E8 /* GT Marketplace */,
				BE17A9AA28E3A4B9005689E8 /* Products */,
			);
			sourceTree = "<group>";
		};
		BE17A9AA28E3A4B9005689E8 /* Products */ = {
			isa = PBXGroup;
			children = (
				BE17A9A928E3A4B9005689E8 /* GT Marketplace.app */,
			);
			name = Products;
			sourceTree = "<group>";
		};
		BE17A9AB28E3A4B9005689E8 /* GT Marketplace */ = {
			isa = PBXGroup;
			children = (
				5E78FCAE290B48FC0097DD3B /* MapModel.swift */,
				BB462DB3290B1A6C003B6597 /* Model.swift */,
				5E78FCAD290B487F0097DD3B /* GT-Marketplace-Info.plist */,
				BB462DB1290B1984003B6597 /* GoogleService-Info.plist */,
				518F3CA028E65B4B0046F8EB /* SlideshowView.swift */,
				BE17A9AC28E3A4B9005689E8 /* GT_MarketplaceApp.swift */,
				BE17A9AE28E3A4B9005689E8 /* ContentView.swift */,
				BE17A9B028E3A4BC005689E8 /* Assets.xcassets */,
				BE17A9B228E3A4BC005689E8 /* Preview Content */,
				5E78FCAB28F8CF150097DD3B /* CreateListingView.swift */,
				5EBCAFA52908A4BD00EFEE1D /* Listing.swift */,
				5EBCAFA72908A4E300EFEE1D /* ListingView.swift */,
				5E78FCB02911D9DE0097DD3B /* LocationView.swift */,
				5E955293291B225E002E36AE /* AuthenticationView.swift */,
			);
			path = "GT Marketplace";
			sourceTree = "<group>";
		};
		BE17A9B228E3A4BC005689E8 /* Preview Content */ = {
			isa = PBXGroup;
			children = (
				BE17A9B328E3A4BC005689E8 /* Preview Assets.xcassets */,
			);
			path = "Preview Content";
			sourceTree = "<group>";
		};
/* End PBXGroup section */

/* Begin PBXNativeTarget section */
		BE17A9A828E3A4B9005689E8 /* GT Marketplace */ = {
			isa = PBXNativeTarget;
			buildConfigurationList = BE17A9B728E3A4BC005689E8 /* Build configuration list for PBXNativeTarget "GT Marketplace" */;
			buildPhases = (
				BE17A9A528E3A4B9005689E8 /* Sources */,
				BE17A9A628E3A4B9005689E8 /* Frameworks */,
				BE17A9A728E3A4B9005689E8 /* Resources */,
			);
			buildRules = (
			);
			dependencies = (
			);
			name = "GT Marketplace";
			packageProductDependencies = (
				BB462DA9290B183C003B6597 /* FirebaseAnalytics */,
				BB462DAB290B183C003B6597 /* FirebaseAuth */,
				BB462DAD290B183C003B6597 /* FirebaseDatabase */,
				BB462DAF290B183C003B6597 /* FirebaseDatabaseSwift */,
				5E95528B291B20BC002E36AE /* FirebaseAppDistribution-Beta */,
				5E95528D291B20BC002E36AE /* FirebaseAuth */,
				5E95528F291B20BC002E36AE /* FirebaseAuthCombine-Community */,
			);
			productName = "GT Marketplace";
			productReference = BE17A9A928E3A4B9005689E8 /* GT Marketplace.app */;
			productType = "com.apple.product-type.application";
		};
/* End PBXNativeTarget section */

/* Begin PBXProject section */
		BE17A9A128E3A4B9005689E8 /* Project object */ = {
			isa = PBXProject;
			attributes = {
				BuildIndependentTargetsInParallel = 1;
				LastSwiftUpdateCheck = 1320;
				LastUpgradeCheck = 1320;
				TargetAttributes = {
					BE17A9A828E3A4B9005689E8 = {
						CreatedOnToolsVersion = 13.2.1;
					};
				};
			};
			buildConfigurationList = BE17A9A428E3A4B9005689E8 /* Build configuration list for PBXProject "GT Marketplace" */;
			compatibilityVersion = "Xcode 13.0";
			developmentRegion = en;
			hasScannedForEncodings = 0;
			knownRegions = (
				en,
				Base,
			);
			mainGroup = BE17A9A028E3A4B9005689E8;
			packageReferences = (
				BB462DA8290B183C003B6597 /* XCRemoteSwiftPackageReference "firebase-ios-sdk" */,
				5E95528A291B20BC002E36AE /* XCRemoteSwiftPackageReference "firebase-ios-sdk" */,
			);
			productRefGroup = BE17A9AA28E3A4B9005689E8 /* Products */;
			projectDirPath = "";
			projectRoot = "";
			targets = (
				BE17A9A828E3A4B9005689E8 /* GT Marketplace */,
			);
		};
/* End PBXProject section */

/* Begin PBXResourcesBuildPhase section */
		BE17A9A728E3A4B9005689E8 /* Resources */ = {
			isa = PBXResourcesBuildPhase;
			buildActionMask = 2147483647;
			files = (
				BE17A9B428E3A4BC005689E8 /* Preview Assets.xcassets in Resources */,
				BE17A9B128E3A4BC005689E8 /* Assets.xcassets in Resources */,
				BB462DB2290B1984003B6597 /* GoogleService-Info.plist in Resources */,
			);
			runOnlyForDeploymentPostprocessing = 0;
		};
/* End PBXResourcesBuildPhase section */

/* Begin PBXSourcesBuildPhase section */
		BE17A9A528E3A4B9005689E8 /* Sources */ = {
			isa = PBXSourcesBuildPhase;
			buildActionMask = 2147483647;
			files = (
				5E78FCAF290B48FC0097DD3B /* MapModel.swift in Sources */,
				BB462DB4290B1A6C003B6597 /* Model.swift in Sources */,
				BE17A9AF28E3A4B9005689E8 /* ContentView.swift in Sources */,
				5E78FCAC28F8CF150097DD3B /* CreateListingView.swift in Sources */,
				5E955294291B225E002E36AE /* AuthenticationView.swift in Sources */,
				5EBCAFA62908A4BD00EFEE1D /* Listing.swift in Sources */,
				BE17A9AD28E3A4B9005689E8 /* GT_MarketplaceApp.swift in Sources */,
				518F3CA128E65B4B0046F8EB /* SlideshowView.swift in Sources */,
				5E78FCB12911D9DE0097DD3B /* LocationView.swift in Sources */,
				5EBCAFA82908A4E300EFEE1D /* ListingView.swift in Sources */,
			);
			runOnlyForDeploymentPostprocessing = 0;
		};
/* End PBXSourcesBuildPhase section */

/* Begin XCBuildConfiguration section */
		BE17A9B528E3A4BC005689E8 /* Debug */ = {
			isa = XCBuildConfiguration;
			buildSettings = {
				ALWAYS_SEARCH_USER_PATHS = NO;
				CLANG_ANALYZER_NONNULL = YES;
				CLANG_ANALYZER_NUMBER_OBJECT_CONVERSION = YES_AGGRESSIVE;
				CLANG_CXX_LANGUAGE_STANDARD = "gnu++17";
				CLANG_CXX_LIBRARY = "libc++";
				CLANG_ENABLE_MODULES = YES;
				CLANG_ENABLE_OBJC_ARC = YES;
				CLANG_ENABLE_OBJC_WEAK = YES;
				CLANG_WARN_BLOCK_CAPTURE_AUTORELEASING = YES;
				CLANG_WARN_BOOL_CONVERSION = YES;
				CLANG_WARN_COMMA = YES;
				CLANG_WARN_CONSTANT_CONVERSION = YES;
				CLANG_WARN_DEPRECATED_OBJC_IMPLEMENTATIONS = YES;
				CLANG_WARN_DIRECT_OBJC_ISA_USAGE = YES_ERROR;
				CLANG_WARN_DOCUMENTATION_COMMENTS = YES;
				CLANG_WARN_EMPTY_BODY = YES;
				CLANG_WARN_ENUM_CONVERSION = YES;
				CLANG_WARN_INFINITE_RECURSION = YES;
				CLANG_WARN_INT_CONVERSION = YES;
				CLANG_WARN_NON_LITERAL_NULL_CONVERSION = YES;
				CLANG_WARN_OBJC_IMPLICIT_RETAIN_SELF = YES;
				CLANG_WARN_OBJC_LITERAL_CONVERSION = YES;
				CLANG_WARN_OBJC_ROOT_CLASS = YES_ERROR;
				CLANG_WARN_QUOTED_INCLUDE_IN_FRAMEWORK_HEADER = YES;
				CLANG_WARN_RANGE_LOOP_ANALYSIS = YES;
				CLANG_WARN_STRICT_PROTOTYPES = YES;
				CLANG_WARN_SUSPICIOUS_MOVE = YES;
				CLANG_WARN_UNGUARDED_AVAILABILITY = YES_AGGRESSIVE;
				CLANG_WARN_UNREACHABLE_CODE = YES;
				CLANG_WARN__DUPLICATE_METHOD_MATCH = YES;
				COPY_PHASE_STRIP = NO;
				DEBUG_INFORMATION_FORMAT = dwarf;
				ENABLE_STRICT_OBJC_MSGSEND = YES;
				ENABLE_TESTABILITY = YES;
				GCC_C_LANGUAGE_STANDARD = gnu11;
				GCC_DYNAMIC_NO_PIC = NO;
				GCC_NO_COMMON_BLOCKS = YES;
				GCC_OPTIMIZATION_LEVEL = 0;
				GCC_PREPROCESSOR_DEFINITIONS = (
					"DEBUG=1",
					"$(inherited)",
				);
				GCC_WARN_64_TO_32_BIT_CONVERSION = YES;
				GCC_WARN_ABOUT_RETURN_TYPE = YES_ERROR;
				GCC_WARN_UNDECLARED_SELECTOR = YES;
				GCC_WARN_UNINITIALIZED_AUTOS = YES_AGGRESSIVE;
				GCC_WARN_UNUSED_FUNCTION = YES;
				GCC_WARN_UNUSED_VARIABLE = YES;
				IPHONEOS_DEPLOYMENT_TARGET = 15.2;
				MTL_ENABLE_DEBUG_INFO = INCLUDE_SOURCE;
				MTL_FAST_MATH = YES;
				ONLY_ACTIVE_ARCH = YES;
				SDKROOT = iphoneos;
				SWIFT_ACTIVE_COMPILATION_CONDITIONS = DEBUG;
				SWIFT_OPTIMIZATION_LEVEL = "-Onone";
			};
			name = Debug;
		};
		BE17A9B628E3A4BC005689E8 /* Release */ = {
			isa = XCBuildConfiguration;
			buildSettings = {
				ALWAYS_SEARCH_USER_PATHS = NO;
				CLANG_ANALYZER_NONNULL = YES;
				CLANG_ANALYZER_NUMBER_OBJECT_CONVERSION = YES_AGGRESSIVE;
				CLANG_CXX_LANGUAGE_STANDARD = "gnu++17";
				CLANG_CXX_LIBRARY = "libc++";
				CLANG_ENABLE_MODULES = YES;
				CLANG_ENABLE_OBJC_ARC = YES;
				CLANG_ENABLE_OBJC_WEAK = YES;
				CLANG_WARN_BLOCK_CAPTURE_AUTORELEASING = YES;
				CLANG_WARN_BOOL_CONVERSION = YES;
				CLANG_WARN_COMMA = YES;
				CLANG_WARN_CONSTANT_CONVERSION = YES;
				CLANG_WARN_DEPRECATED_OBJC_IMPLEMENTATIONS = YES;
				CLANG_WARN_DIRECT_OBJC_ISA_USAGE = YES_ERROR;
				CLANG_WARN_DOCUMENTATION_COMMENTS = YES;
				CLANG_WARN_EMPTY_BODY = YES;
				CLANG_WARN_ENUM_CONVERSION = YES;
				CLANG_WARN_INFINITE_RECURSION = YES;
				CLANG_WARN_INT_CONVERSION = YES;
				CLANG_WARN_NON_LITERAL_NULL_CONVERSION = YES;
				CLANG_WARN_OBJC_IMPLICIT_RETAIN_SELF = YES;
				CLANG_WARN_OBJC_LITERAL_CONVERSION = YES;
				CLANG_WARN_OBJC_ROOT_CLASS = YES_ERROR;
				CLANG_WARN_QUOTED_INCLUDE_IN_FRAMEWORK_HEADER = YES;
				CLANG_WARN_RANGE_LOOP_ANALYSIS = YES;
				CLANG_WARN_STRICT_PROTOTYPES = YES;
				CLANG_WARN_SUSPICIOUS_MOVE = YES;
				CLANG_WARN_UNGUARDED_AVAILABILITY = YES_AGGRESSIVE;
				CLANG_WARN_UNREACHABLE_CODE = YES;
				CLANG_WARN__DUPLICATE_METHOD_MATCH = YES;
				COPY_PHASE_STRIP = NO;
				DEBUG_INFORMATION_FORMAT = "dwarf-with-dsym";
				ENABLE_NS_ASSERTIONS = NO;
				ENABLE_STRICT_OBJC_MSGSEND = YES;
				GCC_C_LANGUAGE_STANDARD = gnu11;
				GCC_NO_COMMON_BLOCKS = YES;
				GCC_WARN_64_TO_32_BIT_CONVERSION = YES;
				GCC_WARN_ABOUT_RETURN_TYPE = YES_ERROR;
				GCC_WARN_UNDECLARED_SELECTOR = YES;
				GCC_WARN_UNINITIALIZED_AUTOS = YES_AGGRESSIVE;
				GCC_WARN_UNUSED_FUNCTION = YES;
				GCC_WARN_UNUSED_VARIABLE = YES;
				IPHONEOS_DEPLOYMENT_TARGET = 15.2;
				MTL_ENABLE_DEBUG_INFO = NO;
				MTL_FAST_MATH = YES;
				SDKROOT = iphoneos;
				SWIFT_COMPILATION_MODE = wholemodule;
				SWIFT_OPTIMIZATION_LEVEL = "-O";
				VALIDATE_PRODUCT = YES;
			};
			name = Release;
		};
		BE17A9B828E3A4BC005689E8 /* Debug */ = {
			isa = XCBuildConfiguration;
			buildSettings = {
				ASSETCATALOG_COMPILER_APPICON_NAME = AppIcon;
				ASSETCATALOG_COMPILER_GLOBAL_ACCENT_COLOR_NAME = AccentColor;
				CODE_SIGN_STYLE = Automatic;
				CURRENT_PROJECT_VERSION = 1;
				DEVELOPMENT_ASSET_PATHS = "\"GT Marketplace/Preview Content\"";
				DEVELOPMENT_TEAM = 39QYXNZ8BL;
				ENABLE_PREVIEWS = YES;
				GENERATE_INFOPLIST_FILE = YES;
				INFOPLIST_FILE = "GT-Marketplace-Info.plist";
				INFOPLIST_KEY_UIApplicationSceneManifest_Generation = YES;
				INFOPLIST_KEY_UIApplicationSupportsIndirectInputEvents = YES;
				INFOPLIST_KEY_UILaunchScreen_Generation = YES;
				INFOPLIST_KEY_UISupportedInterfaceOrientations_iPad = "UIInterfaceOrientationPortrait UIInterfaceOrientationPortraitUpsideDown UIInterfaceOrientationLandscapeLeft UIInterfaceOrientationLandscapeRight";
				INFOPLIST_KEY_UISupportedInterfaceOrientations_iPhone = "UIInterfaceOrientationPortrait UIInterfaceOrientationLandscapeLeft UIInterfaceOrientationLandscapeRight";
				LD_RUNPATH_SEARCH_PATHS = (
					"$(inherited)",
					"@executable_path/Frameworks",
				);
				MARKETING_VERSION = 1.0;
				PRODUCT_BUNDLE_IDENTIFIER = "com.allensu.GT-Marketplace";
				PRODUCT_NAME = "$(TARGET_NAME)";
				SWIFT_EMIT_LOC_STRINGS = YES;
				SWIFT_VERSION = 5.0;
				TARGETED_DEVICE_FAMILY = "1,2";
			};
			name = Debug;
		};
		BE17A9B928E3A4BC005689E8 /* Release */ = {
			isa = XCBuildConfiguration;
			buildSettings = {
				ASSETCATALOG_COMPILER_APPICON_NAME = AppIcon;
				ASSETCATALOG_COMPILER_GLOBAL_ACCENT_COLOR_NAME = AccentColor;
				CODE_SIGN_STYLE = Automatic;
				CURRENT_PROJECT_VERSION = 1;
				DEVELOPMENT_ASSET_PATHS = "\"GT Marketplace/Preview Content\"";
				DEVELOPMENT_TEAM = 39QYXNZ8BL;
				ENABLE_PREVIEWS = YES;
				GENERATE_INFOPLIST_FILE = YES;
				INFOPLIST_FILE = "GT-Marketplace-Info.plist";
				INFOPLIST_KEY_UIApplicationSceneManifest_Generation = YES;
				INFOPLIST_KEY_UIApplicationSupportsIndirectInputEvents = YES;
				INFOPLIST_KEY_UILaunchScreen_Generation = YES;
				INFOPLIST_KEY_UISupportedInterfaceOrientations_iPad = "UIInterfaceOrientationPortrait UIInterfaceOrientationPortraitUpsideDown UIInterfaceOrientationLandscapeLeft UIInterfaceOrientationLandscapeRight";
				INFOPLIST_KEY_UISupportedInterfaceOrientations_iPhone = "UIInterfaceOrientationPortrait UIInterfaceOrientationLandscapeLeft UIInterfaceOrientationLandscapeRight";
				LD_RUNPATH_SEARCH_PATHS = (
					"$(inherited)",
					"@executable_path/Frameworks",
				);
				MARKETING_VERSION = 1.0;
				PRODUCT_BUNDLE_IDENTIFIER = "com.allensu.GT-Marketplace";
				PRODUCT_NAME = "$(TARGET_NAME)";
				SWIFT_EMIT_LOC_STRINGS = YES;
				SWIFT_VERSION = 5.0;
				TARGETED_DEVICE_FAMILY = "1,2";
			};
			name = Release;
		};
/* End XCBuildConfiguration section */

/* Begin XCConfigurationList section */
		BE17A9A428E3A4B9005689E8 /* Build configuration list for PBXProject "GT Marketplace" */ = {
			isa = XCConfigurationList;
			buildConfigurations = (
				BE17A9B528E3A4BC005689E8 /* Debug */,
				BE17A9B628E3A4BC005689E8 /* Release */,
			);
			defaultConfigurationIsVisible = 0;
			defaultConfigurationName = Release;
		};
		BE17A9B728E3A4BC005689E8 /* Build configuration list for PBXNativeTarget "GT Marketplace" */ = {
			isa = XCConfigurationList;
			buildConfigurations = (
				BE17A9B828E3A4BC005689E8 /* Debug */,
				BE17A9B928E3A4BC005689E8 /* Release */,
			);
			defaultConfigurationIsVisible = 0;
			defaultConfigurationName = Release;
		};
/* End XCConfigurationList section */

/* Begin XCRemoteSwiftPackageReference section */
		5E95528A291B20BC002E36AE /* XCRemoteSwiftPackageReference "firebase-ios-sdk" */ = {
			isa = XCRemoteSwiftPackageReference;
			repositoryURL = "https://github.com/firebase/firebase-ios-sdk";
			requirement = {
				kind = upToNextMajorVersion;
				minimumVersion = 9.0.0;
			};
		};
		BB462DA8290B183C003B6597 /* XCRemoteSwiftPackageReference "firebase-ios-sdk" */ = {
			isa = XCRemoteSwiftPackageReference;
			repositoryURL = "https://github.com/firebase/firebase-ios-sdk";
			requirement = {
				kind = upToNextMajorVersion;
				minimumVersion = 9.0.0;
			};
		};
/* End XCRemoteSwiftPackageReference section */

/* Begin XCSwiftPackageProductDependency section */
		5E95528B291B20BC002E36AE /* FirebaseAppDistribution-Beta */ = {
			isa = XCSwiftPackageProductDependency;
			package = BB462DA8290B183C003B6597 /* XCRemoteSwiftPackageReference "firebase-ios-sdk" */;
			productName = "FirebaseAppDistribution-Beta";
		};
		5E95528D291B20BC002E36AE /* FirebaseAuth */ = {
			isa = XCSwiftPackageProductDependency;
			package = BB462DA8290B183C003B6597 /* XCRemoteSwiftPackageReference "firebase-ios-sdk" */;
			productName = FirebaseAuth;
		};
		5E95528F291B20BC002E36AE /* FirebaseAuthCombine-Community */ = {
			isa = XCSwiftPackageProductDependency;
			package = BB462DA8290B183C003B6597 /* XCRemoteSwiftPackageReference "firebase-ios-sdk" */;
			productName = "FirebaseAuthCombine-Community";
		};
		BB462DA9290B183C003B6597 /* FirebaseAnalytics */ = {
			isa = XCSwiftPackageProductDependency;
			package = BB462DA8290B183C003B6597 /* XCRemoteSwiftPackageReference "firebase-ios-sdk" */;
			productName = FirebaseAnalytics;
		};
		BB462DAB290B183C003B6597 /* FirebaseAuth */ = {
			isa = XCSwiftPackageProductDependency;
			package = BB462DA8290B183C003B6597 /* XCRemoteSwiftPackageReference "firebase-ios-sdk" */;
			productName = FirebaseAuth;
		};
		BB462DAD290B183C003B6597 /* FirebaseDatabase */ = {
			isa = XCSwiftPackageProductDependency;
			package = BB462DA8290B183C003B6597 /* XCRemoteSwiftPackageReference "firebase-ios-sdk" */;
			productName = FirebaseDatabase;
		};
		BB462DAF290B183C003B6597 /* FirebaseDatabaseSwift */ = {
			isa = XCSwiftPackageProductDependency;
			package = BB462DA8290B183C003B6597 /* XCRemoteSwiftPackageReference "firebase-ios-sdk" */;
			productName = FirebaseDatabaseSwift;
		};
/* End XCSwiftPackageProductDependency section */
	};
	rootObject = BE17A9A128E3A4B9005689E8 /* Project object */;
}
